PODS:
  - mokoSocketIo (0.2.0):
    - Socket.IO-Client-Swift (~> 15.2.0)
  - MultiPlatformLibrary (0.2.0)
  - Socket.IO-Client-Swift (15.2.0):
    - Starscream (~> 3.1)
  - Starscream (3.1.1)

DEPENDENCIES:
  - mokoSocketIo (from `../../`)
  - MultiPlatformLibrary (from `../mpp-library`)

SPEC REPOS:
  trunk:
    - Socket.IO-Client-Swift
    - Starscream

EXTERNAL SOURCES:
  mokoSocketIo:
    :path: "../../"
  MultiPlatformLibrary:
    :path: "../mpp-library"

SPEC CHECKSUMS:
  mokoSocketIo: c164157c29ff1fb64dac3b98c7e46f5af84f3568
  MultiPlatformLibrary: 4486066052a483da309067ef9dab1731ca41d66f
  Socket.IO-Client-Swift: 1e3e3a1f09f3312a167f0d781eb2f383d477357c
  Starscream: 4bb2f9942274833f7b4d296a55504dcfc7edb7b0

PODFILE CHECKSUM: f881c83f3f3582ddcc6b0f6d9bb6323f43a7082a

COCOAPODS: 1.10.1
