PODS:
  - mokoSocketIo (0.4.0):
    - Socket.IO-Client-Swift (~> 15.2.0)
  - MultiPlatformLibrary (0.1.0)
  - Socket.IO-Client-Swift (15.2.0):
    - Starscream (~> 3.1)
  - Starscream (3.1.1)

DEPENDENCIES:
  - mokoSocketIo (from `../../`)
  - MultiPlatformLibrary (from `../mpp-library`)

SPEC REPOS:
  trunk:
    - Socket.IO-Client-Swift
    - Starscream

EXTERNAL SOURCES:
  mokoSocketIo:
    :path: "../../"
  MultiPlatformLibrary:
    :path: "../mpp-library"

SPEC CHECKSUMS:
  mokoSocketIo: 072c66dcab984f441fefe68db0b50f7a5215f15e
  MultiPlatformLibrary: 41e8d64a1458dccbcb5114c1c2d5bc0cf3948c07
  Socket.IO-Client-Swift: 1e3e3a1f09f3312a167f0d781eb2f383d477357c
  Starscream: 4bb2f9942274833f7b4d296a55504dcfc7edb7b0

PODFILE CHECKSUM: 5682fe9e7448b6ddb916ea4352d5f790dbd059af

COCOAPODS: 1.15.2
